
Microsoft Visual Studio Solution File, Format Version 12.00
# Visual Studio Version 16
VisualStudioVersion = 16.0.29201.188
MinimumVisualStudioVersion = 10.0.40219.1
Project("{2150E333-8FDC-42A3-9474-1A3956D46DE8}") = "Microservices", "Microservices", "{4F146219-5932-4DE7-840B-5F13E5E929DC}"
EndProject
Project("{2150E333-8FDC-42A3-9474-1A3956D46DE8}") = "Domain", "Domain", "{991BD982-1288-46A4-8C13-02411AF58CEC}"
EndProject
Project("{2150E333-8FDC-42A3-9474-1A3956D46DE8}") = "Infra.Bus", "Infra.Bus", "{32257EC8-E1D5-4476-AB14-063A0BD8E803}"
EndProject
Project("{2150E333-8FDC-42A3-9474-1A3956D46DE8}") = "Infra.IoC", "Infra.IoC", "{DC546FB2-961D-4489-A3AB-F7ABAA02C775}"
EndProject
Project("{2150E333-8FDC-42A3-9474-1A3956D46DE8}") = "Presentation", "Presentation", "{9BC82F10-126E-4C35-B967-4636B0304C8A}"
EndProject
Project("{9A19103F-16F7-4668-BE54-9A1E7A4F7556}") = "MicroRabbit.Domain.Core", "MicroRabbit.Domain.Core\MicroRabbit.Domain.Core.csproj", "{0F0052F3-A095-4748-BE9F-B45EBD38A1AE}"
EndProject
Project("{9A19103F-16F7-4668-BE54-9A1E7A4F7556}") = "MicroRabbit.Infra.Bus", "MicroRabbit.Infra.Bus\MicroRabbit.Infra.Bus.csproj", "{C395D205-76AD-477E-A6D2-3CD3435BC6CD}"
EndProject
Project("{FAE04EC0-301F-11D3-BF4B-00C04F79EFBC}") = "MicroRabbit.Infra.IoC", "MicroRabbit.Infra.IoC\MicroRabbit.Infra.IoC.csproj", "{7619D66B-6212-4300-B847-83F7F4374412}"
EndProject
Global
	GlobalSection(SolutionConfigurationPlatforms) = preSolution
		Debug|Any CPU = Debug|Any CPU
		Release|Any CPU = Release|Any CPU
	EndGlobalSection
	GlobalSection(ProjectConfigurationPlatforms) = postSolution
		{0F0052F3-A095-4748-BE9F-B45EBD38A1AE}.Debug|Any CPU.ActiveCfg = Debug|Any CPU
		{0F0052F3-A095-4748-BE9F-B45EBD38A1AE}.Debug|Any CPU.Build.0 = Debug|Any CPU
		{0F0052F3-A095-4748-BE9F-B45EBD38A1AE}.Release|Any CPU.ActiveCfg = Release|Any CPU
		{0F0052F3-A095-4748-BE9F-B45EBD38A1AE}.Release|Any CPU.Build.0 = Release|Any CPU
		{C395D205-76AD-477E-A6D2-3CD3435BC6CD}.Debug|Any CPU.ActiveCfg = Debug|Any CPU
		{C395D205-76AD-477E-A6D2-3CD3435BC6CD}.Debug|Any CPU.Build.0 = Debug|Any CPU
		{C395D205-76AD-477E-A6D2-3CD3435BC6CD}.Release|Any CPU.ActiveCfg = Release|Any CPU
		{C395D205-76AD-477E-A6D2-3CD3435BC6CD}.Release|Any CPU.Build.0 = Release|Any CPU
		{7619D66B-6212-4300-B847-83F7F4374412}.Debug|Any CPU.ActiveCfg = Debug|Any CPU
		{7619D66B-6212-4300-B847-83F7F4374412}.Debug|Any CPU.Build.0 = Debug|Any CPU
		{7619D66B-6212-4300-B847-83F7F4374412}.Release|Any CPU.ActiveCfg = Release|Any CPU
		{7619D66B-6212-4300-B847-83F7F4374412}.Release|Any CPU.Build.0 = Release|Any CPU
	EndGlobalSection
	GlobalSection(SolutionProperties) = preSolution
		HideSolutionNode = FALSE
	EndGlobalSection
	GlobalSection(NestedProjects) = preSolution
		{0F0052F3-A095-4748-BE9F-B45EBD38A1AE} = {991BD982-1288-46A4-8C13-02411AF58CEC}
		{C395D205-76AD-477E-A6D2-3CD3435BC6CD} = {32257EC8-E1D5-4476-AB14-063A0BD8E803}
		{7619D66B-6212-4300-B847-83F7F4374412} = {DC546FB2-961D-4489-A3AB-F7ABAA02C775}
	EndGlobalSection
	GlobalSection(ExtensibilityGlobals) = postSolution
		SolutionGuid = {B18BFC80-5369-47DC-A16F-8845BC591969}
	EndGlobalSection
EndGlobal
