
Microsoft Visual Studio Solution File, Format Version 12.00
# Visual Studio Version 16
VisualStudioVersion = 16.0.29201.188
MinimumVisualStudioVersion = 10.0.40219.1
Project("{2150E333-8FDC-42A3-9474-1A3956D46DE8}") = "Microservices", "Microservices", "{4F146219-5932-4DE7-840B-5F13E5E929DC}"
EndProject
Project("{2150E333-8FDC-42A3-9474-1A3956D46DE8}") = "Domain", "Domain", "{991BD982-1288-46A4-8C13-02411AF58CEC}"
EndProject
Project("{2150E333-8FDC-42A3-9474-1A3956D46DE8}") = "Infra.Bus", "Infra.Bus", "{32257EC8-E1D5-4476-AB14-063A0BD8E803}"
EndProject
Project("{2150E333-8FDC-42A3-9474-1A3956D46DE8}") = "Infra.IoC", "Infra.IoC", "{DC546FB2-961D-4489-A3AB-F7ABAA02C775}"
EndProject
Project("{2150E333-8FDC-42A3-9474-1A3956D46DE8}") = "Presentation", "Presentation", "{9BC82F10-126E-4C35-B967-4636B0304C8A}"
EndProject
Project("{9A19103F-16F7-4668-BE54-9A1E7A4F7556}") = "MicroRabbit.Domain.Core", "MicroRabbit.Domain.Core\MicroRabbit.Domain.Core.csproj", "{0F0052F3-A095-4748-BE9F-B45EBD38A1AE}"
EndProject
Project("{9A19103F-16F7-4668-BE54-9A1E7A4F7556}") = "MicroRabbit.Infra.Bus", "MicroRabbit.Infra.Bus\MicroRabbit.Infra.Bus.csproj", "{C395D205-76AD-477E-A6D2-3CD3435BC6CD}"
EndProject
Project("{FAE04EC0-301F-11D3-BF4B-00C04F79EFBC}") = "MicroRabbit.Infra.IoC", "MicroRabbit.Infra.IoC\MicroRabbit.Infra.IoC.csproj", "{7619D66B-6212-4300-B847-83F7F4374412}"
EndProject
Project("{2150E333-8FDC-42A3-9474-1A3956D46DE8}") = "Banking", "Banking", "{03AB64DA-C088-4255-8D7F-978FB3765945}"
EndProject
Project("{2150E333-8FDC-42A3-9474-1A3956D46DE8}") = "Api", "Api", "{5D7D144B-66F6-48DE-B45A-94C4B49ABDAD}"
EndProject
Project("{2150E333-8FDC-42A3-9474-1A3956D46DE8}") = "Domain", "Domain", "{7CF66471-5B0F-4FE8-994B-F36E883AA658}"
EndProject
Project("{2150E333-8FDC-42A3-9474-1A3956D46DE8}") = "Application", "Application", "{E84265E3-9FB9-49B4-AF84-E38BD436E846}"
EndProject
Project("{2150E333-8FDC-42A3-9474-1A3956D46DE8}") = "Data", "Data", "{27E89E5F-B1FD-4D2B-9C8F-F030CCCDF291}"
EndProject
Project("{FAE04EC0-301F-11D3-BF4B-00C04F79EFBC}") = "MicroRabbit.Banking.Api", "MicroRabbit.Banking.Api\MicroRabbit.Banking.Api.csproj", "{44C90F95-4E30-4AC7-8358-1AB605B8A6CA}"
EndProject
Project("{FAE04EC0-301F-11D3-BF4B-00C04F79EFBC}") = "MicroRabbit.Banking.Application", "MicroRabbit.Banking.Application\MicroRabbit.Banking.Application.csproj", "{628AC747-F50E-45C0-9392-8A99ACB07E06}"
EndProject
Project("{FAE04EC0-301F-11D3-BF4B-00C04F79EFBC}") = "MicroRabbit.Banking.Data", "MicroRabbit.Banking.Data\MicroRabbit.Banking.Data.csproj", "{2168AAF5-FE98-4EBF-8873-41FCF062A747}"
EndProject
Project("{FAE04EC0-301F-11D3-BF4B-00C04F79EFBC}") = "MicroRabbit.Banking.Domain", "MicroRabbit.Banking.Domain\MicroRabbit.Banking.Domain.csproj", "{ACF20334-971E-45B5-B874-86E07AF058E9}"
EndProject
Global
	GlobalSection(SolutionConfigurationPlatforms) = preSolution
		Debug|Any CPU = Debug|Any CPU
		Release|Any CPU = Release|Any CPU
	EndGlobalSection
	GlobalSection(ProjectConfigurationPlatforms) = postSolution
		{0F0052F3-A095-4748-BE9F-B45EBD38A1AE}.Debug|Any CPU.ActiveCfg = Debug|Any CPU
		{0F0052F3-A095-4748-BE9F-B45EBD38A1AE}.Debug|Any CPU.Build.0 = Debug|Any CPU
		{0F0052F3-A095-4748-BE9F-B45EBD38A1AE}.Release|Any CPU.ActiveCfg = Release|Any CPU
		{0F0052F3-A095-4748-BE9F-B45EBD38A1AE}.Release|Any CPU.Build.0 = Release|Any CPU
		{C395D205-76AD-477E-A6D2-3CD3435BC6CD}.Debug|Any CPU.ActiveCfg = Debug|Any CPU
		{C395D205-76AD-477E-A6D2-3CD3435BC6CD}.Debug|Any CPU.Build.0 = Debug|Any CPU
		{C395D205-76AD-477E-A6D2-3CD3435BC6CD}.Release|Any CPU.ActiveCfg = Release|Any CPU
		{C395D205-76AD-477E-A6D2-3CD3435BC6CD}.Release|Any CPU.Build.0 = Release|Any CPU
		{7619D66B-6212-4300-B847-83F7F4374412}.Debug|Any CPU.ActiveCfg = Debug|Any CPU
		{7619D66B-6212-4300-B847-83F7F4374412}.Debug|Any CPU.Build.0 = Debug|Any CPU
		{7619D66B-6212-4300-B847-83F7F4374412}.Release|Any CPU.ActiveCfg = Release|Any CPU
		{7619D66B-6212-4300-B847-83F7F4374412}.Release|Any CPU.Build.0 = Release|Any CPU
		{44C90F95-4E30-4AC7-8358-1AB605B8A6CA}.Debug|Any CPU.ActiveCfg = Debug|Any CPU
		{44C90F95-4E30-4AC7-8358-1AB605B8A6CA}.Debug|Any CPU.Build.0 = Debug|Any CPU
		{44C90F95-4E30-4AC7-8358-1AB605B8A6CA}.Release|Any CPU.ActiveCfg = Release|Any CPU
		{44C90F95-4E30-4AC7-8358-1AB605B8A6CA}.Release|Any CPU.Build.0 = Release|Any CPU
		{628AC747-F50E-45C0-9392-8A99ACB07E06}.Debug|Any CPU.ActiveCfg = Debug|Any CPU
		{628AC747-F50E-45C0-9392-8A99ACB07E06}.Debug|Any CPU.Build.0 = Debug|Any CPU
		{628AC747-F50E-45C0-9392-8A99ACB07E06}.Release|Any CPU.ActiveCfg = Release|Any CPU
		{628AC747-F50E-45C0-9392-8A99ACB07E06}.Release|Any CPU.Build.0 = Release|Any CPU
		{2168AAF5-FE98-4EBF-8873-41FCF062A747}.Debug|Any CPU.ActiveCfg = Debug|Any CPU
		{2168AAF5-FE98-4EBF-8873-41FCF062A747}.Debug|Any CPU.Build.0 = Debug|Any CPU
		{2168AAF5-FE98-4EBF-8873-41FCF062A747}.Release|Any CPU.ActiveCfg = Release|Any CPU
		{2168AAF5-FE98-4EBF-8873-41FCF062A747}.Release|Any CPU.Build.0 = Release|Any CPU
		{ACF20334-971E-45B5-B874-86E07AF058E9}.Debug|Any CPU.ActiveCfg = Debug|Any CPU
		{ACF20334-971E-45B5-B874-86E07AF058E9}.Debug|Any CPU.Build.0 = Debug|Any CPU
		{ACF20334-971E-45B5-B874-86E07AF058E9}.Release|Any CPU.ActiveCfg = Release|Any CPU
		{ACF20334-971E-45B5-B874-86E07AF058E9}.Release|Any CPU.Build.0 = Release|Any CPU
	EndGlobalSection
	GlobalSection(SolutionProperties) = preSolution
		HideSolutionNode = FALSE
	EndGlobalSection
	GlobalSection(NestedProjects) = preSolution
		{0F0052F3-A095-4748-BE9F-B45EBD38A1AE} = {991BD982-1288-46A4-8C13-02411AF58CEC}
		{C395D205-76AD-477E-A6D2-3CD3435BC6CD} = {32257EC8-E1D5-4476-AB14-063A0BD8E803}
		{7619D66B-6212-4300-B847-83F7F4374412} = {DC546FB2-961D-4489-A3AB-F7ABAA02C775}
		{03AB64DA-C088-4255-8D7F-978FB3765945} = {4F146219-5932-4DE7-840B-5F13E5E929DC}
		{5D7D144B-66F6-48DE-B45A-94C4B49ABDAD} = {03AB64DA-C088-4255-8D7F-978FB3765945}
		{7CF66471-5B0F-4FE8-994B-F36E883AA658} = {03AB64DA-C088-4255-8D7F-978FB3765945}
		{E84265E3-9FB9-49B4-AF84-E38BD436E846} = {03AB64DA-C088-4255-8D7F-978FB3765945}
		{27E89E5F-B1FD-4D2B-9C8F-F030CCCDF291} = {03AB64DA-C088-4255-8D7F-978FB3765945}
		{44C90F95-4E30-4AC7-8358-1AB605B8A6CA} = {5D7D144B-66F6-48DE-B45A-94C4B49ABDAD}
		{628AC747-F50E-45C0-9392-8A99ACB07E06} = {E84265E3-9FB9-49B4-AF84-E38BD436E846}
		{2168AAF5-FE98-4EBF-8873-41FCF062A747} = {27E89E5F-B1FD-4D2B-9C8F-F030CCCDF291}
		{ACF20334-971E-45B5-B874-86E07AF058E9} = {7CF66471-5B0F-4FE8-994B-F36E883AA658}
	EndGlobalSection
	GlobalSection(ExtensibilityGlobals) = postSolution
		SolutionGuid = {B18BFC80-5369-47DC-A16F-8845BC591969}
	EndGlobalSection
EndGlobal
